
Microsoft Visual Studio Solution File, Format Version 12.00
# Visual Studio Version 17
VisualStudioVersion = 17.13.35825.156 d17.13
MinimumVisualStudioVersion = 10.0.40219.1
Project("{FAE04EC0-301F-11D3-BF4B-00C04F79EFBC}") = "JogoDaForca.ConsoleApp", "JogoDaForca.ConsoleApp\JogoDaForca.ConsoleApp.csproj", "{288F3DDE-BFCF-4682-BB62-E64B7D12CF83}"
EndProject
Global
	GlobalSection(SolutionConfigurationPlatforms) = preSolution
		Debug|Any CPU = Debug|Any CPU
		Release|Any CPU = Release|Any CPU
	EndGlobalSection
	GlobalSection(ProjectConfigurationPlatforms) = postSolution
		{288F3DDE-BFCF-4682-BB62-E64B7D12CF83}.Debug|Any CPU.ActiveCfg = Debug|Any CPU
		{288F3DDE-BFCF-4682-BB62-E64B7D12CF83}.Debug|Any CPU.Build.0 = Debug|Any CPU
		{288F3DDE-BFCF-4682-BB62-E64B7D12CF83}.Release|Any CPU.ActiveCfg = Release|Any CPU
		{288F3DDE-BFCF-4682-BB62-E64B7D12CF83}.Release|Any CPU.Build.0 = Release|Any CPU
	EndGlobalSection
	GlobalSection(SolutionProperties) = preSolution
		HideSolutionNode = FALSE
	EndGlobalSection
	GlobalSection(ExtensibilityGlobals) = postSolution
		SolutionGuid = {2871509B-B045-42AF-8A82-49B96B43A7AA}
	EndGlobalSection
EndGlobal
